
Microsoft Visual Studio Solution File, Format Version 12.00
# Visual Studio Version 16
VisualStudioVersion = 16.0.28809.33
MinimumVisualStudioVersion = 10.0.40219.1
Project("{FAE04EC0-301F-11D3-BF4B-00C04F79EFBC}") = "Exercise_134_Enums", "Exercise_134_Enums.csproj", "{82102790-F92B-4CCF-9DA5-1A9DEF4AE5C5}"
EndProject
Global
	GlobalSection(SolutionConfigurationPlatforms) = preSolution
		Debug|Any CPU = Debug|Any CPU
		Release|Any CPU = Release|Any CPU
	EndGlobalSection
	GlobalSection(ProjectConfigurationPlatforms) = postSolution
		{82102790-F92B-4CCF-9DA5-1A9DEF4AE5C5}.Debug|Any CPU.ActiveCfg = Debug|Any CPU
		{82102790-F92B-4CCF-9DA5-1A9DEF4AE5C5}.Debug|Any CPU.Build.0 = Debug|Any CPU
		{82102790-F92B-4CCF-9DA5-1A9DEF4AE5C5}.Release|Any CPU.ActiveCfg = Release|Any CPU
		{82102790-F92B-4CCF-9DA5-1A9DEF4AE5C5}.Release|Any CPU.Build.0 = Release|Any CPU
	EndGlobalSection
	GlobalSection(SolutionProperties) = preSolution
		HideSolutionNode = FALSE
	EndGlobalSection
	GlobalSection(ExtensibilityGlobals) = postSolution
		SolutionGuid = {5E2D7F4B-6884-4D95-9E11-06E9F9898FF9}
	EndGlobalSection
EndGlobal
