
Microsoft Visual Studio Solution File, Format Version 12.00
# Visual Studio Version 16
VisualStudioVersion = 16.0.28917.182
MinimumVisualStudioVersion = 10.0.40219.1
Project("{FAE04EC0-301F-11D3-BF4B-00C04F79EFBC}") = "CarInsurance", "CarInsurance.csproj", "{627EE32B-CF30-426D-A413-507104CB9A4B}"
EndProject
Global
	GlobalSection(SolutionConfigurationPlatforms) = preSolution
		Debug|Any CPU = Debug|Any CPU
		Release|Any CPU = Release|Any CPU
	EndGlobalSection
	GlobalSection(ProjectConfigurationPlatforms) = postSolution
		{627EE32B-CF30-426D-A413-507104CB9A4B}.Debug|Any CPU.ActiveCfg = Debug|Any CPU
		{627EE32B-CF30-426D-A413-507104CB9A4B}.Debug|Any CPU.Build.0 = Debug|Any CPU
		{627EE32B-CF30-426D-A413-507104CB9A4B}.Release|Any CPU.ActiveCfg = Release|Any CPU
		{627EE32B-CF30-426D-A413-507104CB9A4B}.Release|Any CPU.Build.0 = Release|Any CPU
	EndGlobalSection
	GlobalSection(SolutionProperties) = preSolution
		HideSolutionNode = FALSE
	EndGlobalSection
	GlobalSection(ExtensibilityGlobals) = postSolution
		SolutionGuid = {07FBA495-79B3-4AB1-99C9-A9B383F708D2}
	EndGlobalSection
EndGlobal
