
Microsoft Visual Studio Solution File, Format Version 12.00
# Visual Studio Version 16
VisualStudioVersion = 16.0.28809.33
MinimumVisualStudioVersion = 10.0.40219.1
Project("{FAE04EC0-301F-11D3-BF4B-00C04F79EFBC}") = "Exercise_100", "Exercise_100.csproj", "{2791B339-922D-440E-B126-BC7B9D15C286}"
EndProject
Global
	GlobalSection(SolutionConfigurationPlatforms) = preSolution
		Debug|Any CPU = Debug|Any CPU
		Release|Any CPU = Release|Any CPU
	EndGlobalSection
	GlobalSection(ProjectConfigurationPlatforms) = postSolution
		{2791B339-922D-440E-B126-BC7B9D15C286}.Debug|Any CPU.ActiveCfg = Debug|Any CPU
		{2791B339-922D-440E-B126-BC7B9D15C286}.Debug|Any CPU.Build.0 = Debug|Any CPU
		{2791B339-922D-440E-B126-BC7B9D15C286}.Release|Any CPU.ActiveCfg = Release|Any CPU
		{2791B339-922D-440E-B126-BC7B9D15C286}.Release|Any CPU.Build.0 = Release|Any CPU
	EndGlobalSection
	GlobalSection(SolutionProperties) = preSolution
		HideSolutionNode = FALSE
	EndGlobalSection
	GlobalSection(ExtensibilityGlobals) = postSolution
		SolutionGuid = {210C1EF9-CF42-4670-A300-B7BC7D908ED4}
	EndGlobalSection
EndGlobal
