
Microsoft Visual Studio Solution File, Format Version 12.00
# Visual Studio Version 16
VisualStudioVersion = 16.0.28809.33
MinimumVisualStudioVersion = 10.0.40219.1
Project("{FAE04EC0-301F-11D3-BF4B-00C04F79EFBC}") = "Exercise_124", "Exercise_124.csproj", "{700C0D48-D72F-4523-A8AF-5BE777C0B384}"
EndProject
Global
	GlobalSection(SolutionConfigurationPlatforms) = preSolution
		Debug|Any CPU = Debug|Any CPU
		Release|Any CPU = Release|Any CPU
	EndGlobalSection
	GlobalSection(ProjectConfigurationPlatforms) = postSolution
		{700C0D48-D72F-4523-A8AF-5BE777C0B384}.Debug|Any CPU.ActiveCfg = Debug|Any CPU
		{700C0D48-D72F-4523-A8AF-5BE777C0B384}.Debug|Any CPU.Build.0 = Debug|Any CPU
		{700C0D48-D72F-4523-A8AF-5BE777C0B384}.Release|Any CPU.ActiveCfg = Release|Any CPU
		{700C0D48-D72F-4523-A8AF-5BE777C0B384}.Release|Any CPU.Build.0 = Release|Any CPU
	EndGlobalSection
	GlobalSection(SolutionProperties) = preSolution
		HideSolutionNode = FALSE
	EndGlobalSection
	GlobalSection(ExtensibilityGlobals) = postSolution
		SolutionGuid = {BE60C1D8-E755-4441-95D2-DDDA114B432D}
	EndGlobalSection
EndGlobal
