
Microsoft Visual Studio Solution File, Format Version 12.00
# Visual Studio Version 16
VisualStudioVersion = 16.0.28809.33
MinimumVisualStudioVersion = 10.0.40219.1
Project("{FAE04EC0-301F-11D3-BF4B-00C04F79EFBC}") = "Exercise_131_Generics", "Exercise_131_Generics.csproj", "{C072A165-6277-43A7-B21A-0D7FA3660B90}"
EndProject
Global
	GlobalSection(SolutionConfigurationPlatforms) = preSolution
		Debug|Any CPU = Debug|Any CPU
		Release|Any CPU = Release|Any CPU
	EndGlobalSection
	GlobalSection(ProjectConfigurationPlatforms) = postSolution
		{C072A165-6277-43A7-B21A-0D7FA3660B90}.Debug|Any CPU.ActiveCfg = Debug|Any CPU
		{C072A165-6277-43A7-B21A-0D7FA3660B90}.Debug|Any CPU.Build.0 = Debug|Any CPU
		{C072A165-6277-43A7-B21A-0D7FA3660B90}.Release|Any CPU.ActiveCfg = Release|Any CPU
		{C072A165-6277-43A7-B21A-0D7FA3660B90}.Release|Any CPU.Build.0 = Release|Any CPU
	EndGlobalSection
	GlobalSection(SolutionProperties) = preSolution
		HideSolutionNode = FALSE
	EndGlobalSection
	GlobalSection(ExtensibilityGlobals) = postSolution
		SolutionGuid = {370B5336-6E34-4070-8F0F-30F87F61A071}
	EndGlobalSection
EndGlobal
